
Microsoft Visual Studio Solution File, Format Version 12.00
# Visual Studio Version 17
VisualStudioVersion = 17.12.35527.113
MinimumVisualStudioVersion = 10.0.40219.1
Project("{FAE04EC0-301F-11D3-BF4B-00C04F79EFBC}") = "PharmaTrack.App", "PharmaTrack.App\PharmaTrack.App.csproj", "{86F74DD0-F344-48A2-9EFD-D22CD7A1BA6B}"
EndProject
Project("{2150E333-8FDC-42A3-9474-1A3956D46DE8}") = "Solution Items", "Solution Items", "{80495D9B-2029-42A2-AC72-63AEC97D80B0}"
	ProjectSection(SolutionItems) = preProject
		.gitattributes = .gitattributes
		.gitignore = .gitignore
		compose.yaml = compose.yaml
		README.md = README.md
	EndProjectSection
EndProject
Project("{FAE04EC0-301F-11D3-BF4B-00C04F79EFBC}") = "Inventory.API", "Inventory.API\Inventory.API.csproj", "{613B69AE-EB5B-4BE2-8BFB-2E5F3B1E534E}"
EndProject
Project("{FAE04EC0-301F-11D3-BF4B-00C04F79EFBC}") = "Gateway.API", "Gateway.API\Gateway.API.csproj", "{70E2F882-C392-446D-8327-AE499582631B}"
EndProject
Global
	GlobalSection(SolutionConfigurationPlatforms) = preSolution
		Debug|ARM64 = Debug|ARM64
		Debug|x64 = Debug|x64
		Debug|x86 = Debug|x86
		Release|ARM64 = Release|ARM64
		Release|x64 = Release|x64
		Release|x86 = Release|x86
	EndGlobalSection
	GlobalSection(ProjectConfigurationPlatforms) = postSolution
		{86F74DD0-F344-48A2-9EFD-D22CD7A1BA6B}.Debug|ARM64.ActiveCfg = Debug|ARM64
		{86F74DD0-F344-48A2-9EFD-D22CD7A1BA6B}.Debug|ARM64.Build.0 = Debug|ARM64
		{86F74DD0-F344-48A2-9EFD-D22CD7A1BA6B}.Debug|ARM64.Deploy.0 = Debug|ARM64
		{86F74DD0-F344-48A2-9EFD-D22CD7A1BA6B}.Debug|x64.ActiveCfg = Debug|x64
		{86F74DD0-F344-48A2-9EFD-D22CD7A1BA6B}.Debug|x64.Build.0 = Debug|x64
		{86F74DD0-F344-48A2-9EFD-D22CD7A1BA6B}.Debug|x64.Deploy.0 = Debug|x64
		{86F74DD0-F344-48A2-9EFD-D22CD7A1BA6B}.Debug|x86.ActiveCfg = Debug|x86
		{86F74DD0-F344-48A2-9EFD-D22CD7A1BA6B}.Debug|x86.Build.0 = Debug|x86
		{86F74DD0-F344-48A2-9EFD-D22CD7A1BA6B}.Debug|x86.Deploy.0 = Debug|x86
		{86F74DD0-F344-48A2-9EFD-D22CD7A1BA6B}.Release|ARM64.ActiveCfg = Release|ARM64
		{86F74DD0-F344-48A2-9EFD-D22CD7A1BA6B}.Release|ARM64.Build.0 = Release|ARM64
		{86F74DD0-F344-48A2-9EFD-D22CD7A1BA6B}.Release|ARM64.Deploy.0 = Release|ARM64
		{86F74DD0-F344-48A2-9EFD-D22CD7A1BA6B}.Release|x64.ActiveCfg = Release|x64
		{86F74DD0-F344-48A2-9EFD-D22CD7A1BA6B}.Release|x64.Build.0 = Release|x64
		{86F74DD0-F344-48A2-9EFD-D22CD7A1BA6B}.Release|x64.Deploy.0 = Release|x64
		{86F74DD0-F344-48A2-9EFD-D22CD7A1BA6B}.Release|x86.ActiveCfg = Release|x86
		{86F74DD0-F344-48A2-9EFD-D22CD7A1BA6B}.Release|x86.Build.0 = Release|x86
		{86F74DD0-F344-48A2-9EFD-D22CD7A1BA6B}.Release|x86.Deploy.0 = Release|x86
		{613B69AE-EB5B-4BE2-8BFB-2E5F3B1E534E}.Debug|ARM64.ActiveCfg = Debug|Any CPU
		{613B69AE-EB5B-4BE2-8BFB-2E5F3B1E534E}.Debug|ARM64.Build.0 = Debug|Any CPU
		{613B69AE-EB5B-4BE2-8BFB-2E5F3B1E534E}.Debug|x64.ActiveCfg = Debug|Any CPU
		{613B69AE-EB5B-4BE2-8BFB-2E5F3B1E534E}.Debug|x64.Build.0 = Debug|Any CPU
		{613B69AE-EB5B-4BE2-8BFB-2E5F3B1E534E}.Debug|x86.ActiveCfg = Debug|Any CPU
		{613B69AE-EB5B-4BE2-8BFB-2E5F3B1E534E}.Debug|x86.Build.0 = Debug|Any CPU
		{613B69AE-EB5B-4BE2-8BFB-2E5F3B1E534E}.Release|ARM64.ActiveCfg = Release|Any CPU
		{613B69AE-EB5B-4BE2-8BFB-2E5F3B1E534E}.Release|ARM64.Build.0 = Release|Any CPU
		{613B69AE-EB5B-4BE2-8BFB-2E5F3B1E534E}.Release|x64.ActiveCfg = Release|Any CPU
		{613B69AE-EB5B-4BE2-8BFB-2E5F3B1E534E}.Release|x64.Build.0 = Release|Any CPU
		{613B69AE-EB5B-4BE2-8BFB-2E5F3B1E534E}.Release|x86.ActiveCfg = Release|Any CPU
		{613B69AE-EB5B-4BE2-8BFB-2E5F3B1E534E}.Release|x86.Build.0 = Release|Any CPU
		{70E2F882-C392-446D-8327-AE499582631B}.Debug|ARM64.ActiveCfg = Debug|Any CPU
		{70E2F882-C392-446D-8327-AE499582631B}.Debug|ARM64.Build.0 = Debug|Any CPU
		{70E2F882-C392-446D-8327-AE499582631B}.Debug|x64.ActiveCfg = Debug|Any CPU
		{70E2F882-C392-446D-8327-AE499582631B}.Debug|x64.Build.0 = Debug|Any CPU
		{70E2F882-C392-446D-8327-AE499582631B}.Debug|x86.ActiveCfg = Debug|Any CPU
		{70E2F882-C392-446D-8327-AE499582631B}.Debug|x86.Build.0 = Debug|Any CPU
		{70E2F882-C392-446D-8327-AE499582631B}.Release|ARM64.ActiveCfg = Release|Any CPU
		{70E2F882-C392-446D-8327-AE499582631B}.Release|ARM64.Build.0 = Release|Any CPU
		{70E2F882-C392-446D-8327-AE499582631B}.Release|x64.ActiveCfg = Release|Any CPU
		{70E2F882-C392-446D-8327-AE499582631B}.Release|x64.Build.0 = Release|Any CPU
		{70E2F882-C392-446D-8327-AE499582631B}.Release|x86.ActiveCfg = Release|Any CPU
		{70E2F882-C392-446D-8327-AE499582631B}.Release|x86.Build.0 = Release|Any CPU
	EndGlobalSection
	GlobalSection(SolutionProperties) = preSolution
		HideSolutionNode = FALSE
	EndGlobalSection
EndGlobal
