
Microsoft Visual Studio Solution File, Format Version 12.00
# Visual Studio Version 17
VisualStudioVersion = 17.12.35527.113
MinimumVisualStudioVersion = 10.0.40219.1
Project("{2150E333-8FDC-42A3-9474-1A3956D46DE8}") = "Solution Items", "Solution Items", "{80495D9B-2029-42A2-AC72-63AEC97D80B0}"
	ProjectSection(SolutionItems) = preProject
		.gitattributes = .gitattributes
		.gitignore = .gitignore
		compose.yaml = compose.yaml
		deploy.ps1 = deploy.ps1
		generate-certs.ps1 = generate-certs.ps1
		install-pharmatrack.ps1 = install-pharmatrack.ps1
		README.md = README.md
		Vagrantfile = Vagrantfile
	EndProjectSection
EndProject
Project("{FAE04EC0-301F-11D3-BF4B-00C04F79EFBC}") = "Inventory.API", "Inventory.API\Inventory.API.csproj", "{613B69AE-EB5B-4BE2-8BFB-2E5F3B1E534E}"
EndProject
Project("{FAE04EC0-301F-11D3-BF4B-00C04F79EFBC}") = "PharmaTrack.Shared", "PharmaTrack.Shared\PharmaTrack.Shared.csproj", "{11CDC0C8-FB93-464A-9C22-564DC5F389EB}"
EndProject
Project("{FAE04EC0-301F-11D3-BF4B-00C04F79EFBC}") = "Auth.API", "Auth.API\Auth.API.csproj", "{5ABFD094-9758-4E18-B20D-2EE2279E503E}"
EndProject
Project("{FAE04EC0-301F-11D3-BF4B-00C04F79EFBC}") = "PharmaTrack.WPF", "PharmaTrack.WPF\PharmaTrack.WPF.csproj", "{DB40DA93-2A2E-4CB4-9C8C-F652016BC1F0}"
EndProject
Project("{FAE04EC0-301F-11D3-BF4B-00C04F79EFBC}") = "Schedule.API", "Schedule.API\Schedule.API.csproj", "{E36D1FD5-8C98-430D-BA8C-DB7885C775A3}"
EndProject
Project("{FAE04EC0-301F-11D3-BF4B-00C04F79EFBC}") = "Drug.API", "Drug.API\Drug.API.csproj", "{9BD1BA41-D536-438F-B5D0-92357DD04065}"
EndProject
Project("{FAE04EC0-301F-11D3-BF4B-00C04F79EFBC}") = "PharmaTrack.PWA", "PharmaTrack.PWA\PharmaTrack.PWA.csproj", "{318C0084-9C2A-4FFE-88D9-8B33B4C5BD55}"
EndProject
Global
	GlobalSection(SolutionConfigurationPlatforms) = preSolution
		Debug|ARM64 = Debug|ARM64
		Debug|x64 = Debug|x64
		Debug|x86 = Debug|x86
		Release|ARM64 = Release|ARM64
		Release|x64 = Release|x64
		Release|x86 = Release|x86
	EndGlobalSection
	GlobalSection(ProjectConfigurationPlatforms) = postSolution
		{613B69AE-EB5B-4BE2-8BFB-2E5F3B1E534E}.Debug|ARM64.ActiveCfg = Debug|Any CPU
		{613B69AE-EB5B-4BE2-8BFB-2E5F3B1E534E}.Debug|ARM64.Build.0 = Debug|Any CPU
		{613B69AE-EB5B-4BE2-8BFB-2E5F3B1E534E}.Debug|x64.ActiveCfg = Debug|Any CPU
		{613B69AE-EB5B-4BE2-8BFB-2E5F3B1E534E}.Debug|x64.Build.0 = Debug|Any CPU
		{613B69AE-EB5B-4BE2-8BFB-2E5F3B1E534E}.Debug|x86.ActiveCfg = Debug|Any CPU
		{613B69AE-EB5B-4BE2-8BFB-2E5F3B1E534E}.Debug|x86.Build.0 = Debug|Any CPU
		{613B69AE-EB5B-4BE2-8BFB-2E5F3B1E534E}.Release|ARM64.ActiveCfg = Release|Any CPU
		{613B69AE-EB5B-4BE2-8BFB-2E5F3B1E534E}.Release|ARM64.Build.0 = Release|Any CPU
		{613B69AE-EB5B-4BE2-8BFB-2E5F3B1E534E}.Release|x64.ActiveCfg = Release|Any CPU
		{613B69AE-EB5B-4BE2-8BFB-2E5F3B1E534E}.Release|x64.Build.0 = Release|Any CPU
		{613B69AE-EB5B-4BE2-8BFB-2E5F3B1E534E}.Release|x86.ActiveCfg = Release|Any CPU
		{613B69AE-EB5B-4BE2-8BFB-2E5F3B1E534E}.Release|x86.Build.0 = Release|Any CPU
		{11CDC0C8-FB93-464A-9C22-564DC5F389EB}.Debug|ARM64.ActiveCfg = Debug|Any CPU
		{11CDC0C8-FB93-464A-9C22-564DC5F389EB}.Debug|ARM64.Build.0 = Debug|Any CPU
		{11CDC0C8-FB93-464A-9C22-564DC5F389EB}.Debug|x64.ActiveCfg = Debug|Any CPU
		{11CDC0C8-FB93-464A-9C22-564DC5F389EB}.Debug|x64.Build.0 = Debug|Any CPU
		{11CDC0C8-FB93-464A-9C22-564DC5F389EB}.Debug|x86.ActiveCfg = Debug|Any CPU
		{11CDC0C8-FB93-464A-9C22-564DC5F389EB}.Debug|x86.Build.0 = Debug|Any CPU
		{11CDC0C8-FB93-464A-9C22-564DC5F389EB}.Release|ARM64.ActiveCfg = Release|Any CPU
		{11CDC0C8-FB93-464A-9C22-564DC5F389EB}.Release|ARM64.Build.0 = Release|Any CPU
		{11CDC0C8-FB93-464A-9C22-564DC5F389EB}.Release|x64.ActiveCfg = Release|Any CPU
		{11CDC0C8-FB93-464A-9C22-564DC5F389EB}.Release|x64.Build.0 = Release|Any CPU
		{11CDC0C8-FB93-464A-9C22-564DC5F389EB}.Release|x86.ActiveCfg = Release|Any CPU
		{11CDC0C8-FB93-464A-9C22-564DC5F389EB}.Release|x86.Build.0 = Release|Any CPU
		{5ABFD094-9758-4E18-B20D-2EE2279E503E}.Debug|ARM64.ActiveCfg = Debug|Any CPU
		{5ABFD094-9758-4E18-B20D-2EE2279E503E}.Debug|ARM64.Build.0 = Debug|Any CPU
		{5ABFD094-9758-4E18-B20D-2EE2279E503E}.Debug|x64.ActiveCfg = Debug|Any CPU
		{5ABFD094-9758-4E18-B20D-2EE2279E503E}.Debug|x64.Build.0 = Debug|Any CPU
		{5ABFD094-9758-4E18-B20D-2EE2279E503E}.Debug|x86.ActiveCfg = Debug|Any CPU
		{5ABFD094-9758-4E18-B20D-2EE2279E503E}.Debug|x86.Build.0 = Debug|Any CPU
		{5ABFD094-9758-4E18-B20D-2EE2279E503E}.Release|ARM64.ActiveCfg = Release|Any CPU
		{5ABFD094-9758-4E18-B20D-2EE2279E503E}.Release|ARM64.Build.0 = Release|Any CPU
		{5ABFD094-9758-4E18-B20D-2EE2279E503E}.Release|x64.ActiveCfg = Release|Any CPU
		{5ABFD094-9758-4E18-B20D-2EE2279E503E}.Release|x64.Build.0 = Release|Any CPU
		{5ABFD094-9758-4E18-B20D-2EE2279E503E}.Release|x86.ActiveCfg = Release|Any CPU
		{5ABFD094-9758-4E18-B20D-2EE2279E503E}.Release|x86.Build.0 = Release|Any CPU
		{DB40DA93-2A2E-4CB4-9C8C-F652016BC1F0}.Debug|ARM64.ActiveCfg = Debug|Any CPU
		{DB40DA93-2A2E-4CB4-9C8C-F652016BC1F0}.Debug|ARM64.Build.0 = Debug|Any CPU
		{DB40DA93-2A2E-4CB4-9C8C-F652016BC1F0}.Debug|x64.ActiveCfg = Debug|Any CPU
		{DB40DA93-2A2E-4CB4-9C8C-F652016BC1F0}.Debug|x64.Build.0 = Debug|Any CPU
		{DB40DA93-2A2E-4CB4-9C8C-F652016BC1F0}.Debug|x86.ActiveCfg = Debug|Any CPU
		{DB40DA93-2A2E-4CB4-9C8C-F652016BC1F0}.Debug|x86.Build.0 = Debug|Any CPU
		{DB40DA93-2A2E-4CB4-9C8C-F652016BC1F0}.Release|ARM64.ActiveCfg = Release|Any CPU
		{DB40DA93-2A2E-4CB4-9C8C-F652016BC1F0}.Release|ARM64.Build.0 = Release|Any CPU
		{DB40DA93-2A2E-4CB4-9C8C-F652016BC1F0}.Release|x64.ActiveCfg = Release|Any CPU
		{DB40DA93-2A2E-4CB4-9C8C-F652016BC1F0}.Release|x64.Build.0 = Release|Any CPU
		{DB40DA93-2A2E-4CB4-9C8C-F652016BC1F0}.Release|x86.ActiveCfg = Release|Any CPU
		{DB40DA93-2A2E-4CB4-9C8C-F652016BC1F0}.Release|x86.Build.0 = Release|Any CPU
		{E36D1FD5-8C98-430D-BA8C-DB7885C775A3}.Debug|ARM64.ActiveCfg = Debug|Any CPU
		{E36D1FD5-8C98-430D-BA8C-DB7885C775A3}.Debug|ARM64.Build.0 = Debug|Any CPU
		{E36D1FD5-8C98-430D-BA8C-DB7885C775A3}.Debug|x64.ActiveCfg = Debug|Any CPU
		{E36D1FD5-8C98-430D-BA8C-DB7885C775A3}.Debug|x64.Build.0 = Debug|Any CPU
		{E36D1FD5-8C98-430D-BA8C-DB7885C775A3}.Debug|x86.ActiveCfg = Debug|Any CPU
		{E36D1FD5-8C98-430D-BA8C-DB7885C775A3}.Debug|x86.Build.0 = Debug|Any CPU
		{E36D1FD5-8C98-430D-BA8C-DB7885C775A3}.Release|ARM64.ActiveCfg = Release|Any CPU
		{E36D1FD5-8C98-430D-BA8C-DB7885C775A3}.Release|ARM64.Build.0 = Release|Any CPU
		{E36D1FD5-8C98-430D-BA8C-DB7885C775A3}.Release|x64.ActiveCfg = Release|Any CPU
		{E36D1FD5-8C98-430D-BA8C-DB7885C775A3}.Release|x64.Build.0 = Release|Any CPU
		{E36D1FD5-8C98-430D-BA8C-DB7885C775A3}.Release|x86.ActiveCfg = Release|Any CPU
		{E36D1FD5-8C98-430D-BA8C-DB7885C775A3}.Release|x86.Build.0 = Release|Any CPU
		{9BD1BA41-D536-438F-B5D0-92357DD04065}.Debug|ARM64.ActiveCfg = Debug|Any CPU
		{9BD1BA41-D536-438F-B5D0-92357DD04065}.Debug|ARM64.Build.0 = Debug|Any CPU
		{9BD1BA41-D536-438F-B5D0-92357DD04065}.Debug|x64.ActiveCfg = Debug|Any CPU
		{9BD1BA41-D536-438F-B5D0-92357DD04065}.Debug|x64.Build.0 = Debug|Any CPU
		{9BD1BA41-D536-438F-B5D0-92357DD04065}.Debug|x86.ActiveCfg = Debug|Any CPU
		{9BD1BA41-D536-438F-B5D0-92357DD04065}.Debug|x86.Build.0 = Debug|Any CPU
		{9BD1BA41-D536-438F-B5D0-92357DD04065}.Release|ARM64.ActiveCfg = Release|Any CPU
		{9BD1BA41-D536-438F-B5D0-92357DD04065}.Release|ARM64.Build.0 = Release|Any CPU
		{9BD1BA41-D536-438F-B5D0-92357DD04065}.Release|x64.ActiveCfg = Release|Any CPU
		{9BD1BA41-D536-438F-B5D0-92357DD04065}.Release|x64.Build.0 = Release|Any CPU
		{9BD1BA41-D536-438F-B5D0-92357DD04065}.Release|x86.ActiveCfg = Release|Any CPU
		{9BD1BA41-D536-438F-B5D0-92357DD04065}.Release|x86.Build.0 = Release|Any CPU
		{318C0084-9C2A-4FFE-88D9-8B33B4C5BD55}.Debug|ARM64.ActiveCfg = Debug|Any CPU
		{318C0084-9C2A-4FFE-88D9-8B33B4C5BD55}.Debug|ARM64.Build.0 = Debug|Any CPU
		{318C0084-9C2A-4FFE-88D9-8B33B4C5BD55}.Debug|x64.ActiveCfg = Debug|Any CPU
		{318C0084-9C2A-4FFE-88D9-8B33B4C5BD55}.Debug|x64.Build.0 = Debug|Any CPU
		{318C0084-9C2A-4FFE-88D9-8B33B4C5BD55}.Debug|x86.ActiveCfg = Debug|Any CPU
		{318C0084-9C2A-4FFE-88D9-8B33B4C5BD55}.Debug|x86.Build.0 = Debug|Any CPU
		{318C0084-9C2A-4FFE-88D9-8B33B4C5BD55}.Release|ARM64.ActiveCfg = Release|Any CPU
		{318C0084-9C2A-4FFE-88D9-8B33B4C5BD55}.Release|ARM64.Build.0 = Release|Any CPU
		{318C0084-9C2A-4FFE-88D9-8B33B4C5BD55}.Release|x64.ActiveCfg = Release|Any CPU
		{318C0084-9C2A-4FFE-88D9-8B33B4C5BD55}.Release|x64.Build.0 = Release|Any CPU
		{318C0084-9C2A-4FFE-88D9-8B33B4C5BD55}.Release|x86.ActiveCfg = Release|Any CPU
		{318C0084-9C2A-4FFE-88D9-8B33B4C5BD55}.Release|x86.Build.0 = Release|Any CPU
	EndGlobalSection
	GlobalSection(SolutionProperties) = preSolution
		HideSolutionNode = FALSE
	EndGlobalSection
	GlobalSection(ExtensibilityGlobals) = postSolution
		SolutionGuid = {47FC2ED4-4E0C-4BF2-A1B9-8A6E6AEAD65F}
	EndGlobalSection
EndGlobal
